
Microsoft Visual Studio Solution File, Format Version 12.00
# Visual Studio 15
VisualStudioVersion = 15.0.26124.0
MinimumVisualStudioVersion = 15.0.26124.0
Project("{FAE04EC0-301F-11D3-BF4B-00C04F79EFBC}") = "API", "API\API.csproj", "{2B24BA1E-A77C-4A33-8558-0B478B1A3420}"
EndProject
Project("{FAE04EC0-301F-11D3-BF4B-00C04F79EFBC}") = "Core", "Core\Core.csproj", "{7C459B00-4836-4ECD-ADB6-4B059490F056}"
EndProject
Project("{FAE04EC0-301F-11D3-BF4B-00C04F79EFBC}") = "Infrastructure", "Infrastructure\Infrastructure.csproj", "{8254F6F9-5776-4D4E-A260-212C06BA724C}"
EndProject
Global
	GlobalSection(SolutionConfigurationPlatforms) = preSolution
		Debug|Any CPU = Debug|Any CPU
		Debug|x64 = Debug|x64
		Debug|x86 = Debug|x86
		Release|Any CPU = Release|Any CPU
		Release|x64 = Release|x64
		Release|x86 = Release|x86
	EndGlobalSection
	GlobalSection(SolutionProperties) = preSolution
		HideSolutionNode = FALSE
	EndGlobalSection
	GlobalSection(ProjectConfigurationPlatforms) = postSolution
		{2B24BA1E-A77C-4A33-8558-0B478B1A3420}.Debug|Any CPU.ActiveCfg = Debug|Any CPU
		{2B24BA1E-A77C-4A33-8558-0B478B1A3420}.Debug|Any CPU.Build.0 = Debug|Any CPU
		{2B24BA1E-A77C-4A33-8558-0B478B1A3420}.Debug|x64.ActiveCfg = Debug|Any CPU
		{2B24BA1E-A77C-4A33-8558-0B478B1A3420}.Debug|x64.Build.0 = Debug|Any CPU
		{2B24BA1E-A77C-4A33-8558-0B478B1A3420}.Debug|x86.ActiveCfg = Debug|Any CPU
		{2B24BA1E-A77C-4A33-8558-0B478B1A3420}.Debug|x86.Build.0 = Debug|Any CPU
		{2B24BA1E-A77C-4A33-8558-0B478B1A3420}.Release|Any CPU.ActiveCfg = Release|Any CPU
		{2B24BA1E-A77C-4A33-8558-0B478B1A3420}.Release|Any CPU.Build.0 = Release|Any CPU
		{2B24BA1E-A77C-4A33-8558-0B478B1A3420}.Release|x64.ActiveCfg = Release|Any CPU
		{2B24BA1E-A77C-4A33-8558-0B478B1A3420}.Release|x64.Build.0 = Release|Any CPU
		{2B24BA1E-A77C-4A33-8558-0B478B1A3420}.Release|x86.ActiveCfg = Release|Any CPU
		{2B24BA1E-A77C-4A33-8558-0B478B1A3420}.Release|x86.Build.0 = Release|Any CPU
		{7C459B00-4836-4ECD-ADB6-4B059490F056}.Debug|Any CPU.ActiveCfg = Debug|Any CPU
		{7C459B00-4836-4ECD-ADB6-4B059490F056}.Debug|Any CPU.Build.0 = Debug|Any CPU
		{7C459B00-4836-4ECD-ADB6-4B059490F056}.Debug|x64.ActiveCfg = Debug|Any CPU
		{7C459B00-4836-4ECD-ADB6-4B059490F056}.Debug|x64.Build.0 = Debug|Any CPU
		{7C459B00-4836-4ECD-ADB6-4B059490F056}.Debug|x86.ActiveCfg = Debug|Any CPU
		{7C459B00-4836-4ECD-ADB6-4B059490F056}.Debug|x86.Build.0 = Debug|Any CPU
		{7C459B00-4836-4ECD-ADB6-4B059490F056}.Release|Any CPU.ActiveCfg = Release|Any CPU
		{7C459B00-4836-4ECD-ADB6-4B059490F056}.Release|Any CPU.Build.0 = Release|Any CPU
		{7C459B00-4836-4ECD-ADB6-4B059490F056}.Release|x64.ActiveCfg = Release|Any CPU
		{7C459B00-4836-4ECD-ADB6-4B059490F056}.Release|x64.Build.0 = Release|Any CPU
		{7C459B00-4836-4ECD-ADB6-4B059490F056}.Release|x86.ActiveCfg = Release|Any CPU
		{7C459B00-4836-4ECD-ADB6-4B059490F056}.Release|x86.Build.0 = Release|Any CPU
		{8254F6F9-5776-4D4E-A260-212C06BA724C}.Debug|Any CPU.ActiveCfg = Debug|Any CPU
		{8254F6F9-5776-4D4E-A260-212C06BA724C}.Debug|Any CPU.Build.0 = Debug|Any CPU
		{8254F6F9-5776-4D4E-A260-212C06BA724C}.Debug|x64.ActiveCfg = Debug|Any CPU
		{8254F6F9-5776-4D4E-A260-212C06BA724C}.Debug|x64.Build.0 = Debug|Any CPU
		{8254F6F9-5776-4D4E-A260-212C06BA724C}.Debug|x86.ActiveCfg = Debug|Any CPU
		{8254F6F9-5776-4D4E-A260-212C06BA724C}.Debug|x86.Build.0 = Debug|Any CPU
		{8254F6F9-5776-4D4E-A260-212C06BA724C}.Release|Any CPU.ActiveCfg = Release|Any CPU
		{8254F6F9-5776-4D4E-A260-212C06BA724C}.Release|Any CPU.Build.0 = Release|Any CPU
		{8254F6F9-5776-4D4E-A260-212C06BA724C}.Release|x64.ActiveCfg = Release|Any CPU
		{8254F6F9-5776-4D4E-A260-212C06BA724C}.Release|x64.Build.0 = Release|Any CPU
		{8254F6F9-5776-4D4E-A260-212C06BA724C}.Release|x86.ActiveCfg = Release|Any CPU
		{8254F6F9-5776-4D4E-A260-212C06BA724C}.Release|x86.Build.0 = Release|Any CPU
	EndGlobalSection
EndGlobal
